
Microsoft Visual Studio Solution File, Format Version 12.00
# Visual Studio Version 17
VisualStudioVersion = 17.3.32519.111
MinimumVisualStudioVersion = 10.0.40219.1
Project("{FAE04EC0-301F-11D3-BF4B-00C04F79EFBC}") = "GraphicPlotter", "GraphicPlotter\GraphicPlotter.csproj", "{1E8CAE91-A70C-47E3-842B-083A460986E9}"
EndProject
Global
	GlobalSection(SolutionConfigurationPlatforms) = preSolution
		Debug|Any CPU = Debug|Any CPU
		Release|Any CPU = Release|Any CPU
	EndGlobalSection
	GlobalSection(ProjectConfigurationPlatforms) = postSolution
		{1E8CAE91-A70C-47E3-842B-083A460986E9}.Debug|Any CPU.ActiveCfg = Debug|Any CPU
		{1E8CAE91-A70C-47E3-842B-083A460986E9}.Debug|Any CPU.Build.0 = Debug|Any CPU
		{1E8CAE91-A70C-47E3-842B-083A460986E9}.Release|Any CPU.ActiveCfg = Release|Any CPU
		{1E8CAE91-A70C-47E3-842B-083A460986E9}.Release|Any CPU.Build.0 = Release|Any CPU
	EndGlobalSection
	GlobalSection(SolutionProperties) = preSolution
		HideSolutionNode = FALSE
	EndGlobalSection
	GlobalSection(ExtensibilityGlobals) = postSolution
		SolutionGuid = {D2643CA8-1232-4747-A8BC-59535E801A66}
	EndGlobalSection
EndGlobal
