
Microsoft Visual Studio Solution File, Format Version 12.00
# Visual Studio Version 17
VisualStudioVersion = 17.2.32210.308
MinimumVisualStudioVersion = 10.0.40219.1
Project("{9A19103F-16F7-4668-BE54-9A1E7A4F7556}") = "WinFormsApp1", "..\WinFormsApp1\WinFormsApp1.csproj", "{1747EB93-5709-4375-B332-22E7F506D013}"
EndProject
Project("{9A19103F-16F7-4668-BE54-9A1E7A4F7556}") = "WpfApp1", "..\WpfApp1\WpfApp1.csproj", "{227FBE42-A95D-4B18-AAC1-A5939CB112EA}"
EndProject
Project("{9A19103F-16F7-4668-BE54-9A1E7A4F7556}") = "WinFormsApp2", "WinFormsApp2\WinFormsApp2.csproj", "{8D574826-7885-44E7-8BAE-6BB055D2BE00}"
EndProject
Project("{FAE04EC0-301F-11D3-BF4B-00C04F79EFBC}") = "WpfApp2", "WpfApp2\WpfApp2.csproj", "{04578B9E-E5D4-4831-8E05-F49F13A4B7BC}"
EndProject
Global
	GlobalSection(SolutionConfigurationPlatforms) = preSolution
		Debug|Any CPU = Debug|Any CPU
		Release|Any CPU = Release|Any CPU
	EndGlobalSection
	GlobalSection(ProjectConfigurationPlatforms) = postSolution
		{1747EB93-5709-4375-B332-22E7F506D013}.Debug|Any CPU.ActiveCfg = Debug|Any CPU
		{1747EB93-5709-4375-B332-22E7F506D013}.Debug|Any CPU.Build.0 = Debug|Any CPU
		{1747EB93-5709-4375-B332-22E7F506D013}.Release|Any CPU.ActiveCfg = Release|Any CPU
		{1747EB93-5709-4375-B332-22E7F506D013}.Release|Any CPU.Build.0 = Release|Any CPU
		{227FBE42-A95D-4B18-AAC1-A5939CB112EA}.Debug|Any CPU.ActiveCfg = Debug|Any CPU
		{227FBE42-A95D-4B18-AAC1-A5939CB112EA}.Debug|Any CPU.Build.0 = Debug|Any CPU
		{227FBE42-A95D-4B18-AAC1-A5939CB112EA}.Release|Any CPU.ActiveCfg = Release|Any CPU
		{227FBE42-A95D-4B18-AAC1-A5939CB112EA}.Release|Any CPU.Build.0 = Release|Any CPU
		{8D574826-7885-44E7-8BAE-6BB055D2BE00}.Debug|Any CPU.ActiveCfg = Debug|Any CPU
		{8D574826-7885-44E7-8BAE-6BB055D2BE00}.Debug|Any CPU.Build.0 = Debug|Any CPU
		{8D574826-7885-44E7-8BAE-6BB055D2BE00}.Release|Any CPU.ActiveCfg = Release|Any CPU
		{8D574826-7885-44E7-8BAE-6BB055D2BE00}.Release|Any CPU.Build.0 = Release|Any CPU
		{04578B9E-E5D4-4831-8E05-F49F13A4B7BC}.Debug|Any CPU.ActiveCfg = Debug|Any CPU
		{04578B9E-E5D4-4831-8E05-F49F13A4B7BC}.Debug|Any CPU.Build.0 = Debug|Any CPU
		{04578B9E-E5D4-4831-8E05-F49F13A4B7BC}.Release|Any CPU.ActiveCfg = Release|Any CPU
		{04578B9E-E5D4-4831-8E05-F49F13A4B7BC}.Release|Any CPU.Build.0 = Release|Any CPU
	EndGlobalSection
	GlobalSection(SolutionProperties) = preSolution
		HideSolutionNode = FALSE
	EndGlobalSection
	GlobalSection(ExtensibilityGlobals) = postSolution
		SolutionGuid = {40A05C81-2087-4A37-A92E-31740EB0C811}
	EndGlobalSection
EndGlobal
