
Microsoft Visual Studio Solution File, Format Version 12.00
# Visual Studio Version 17
VisualStudioVersion = 17.1.32127.271
MinimumVisualStudioVersion = 10.0.40219.1
Project("{9A19103F-16F7-4668-BE54-9A1E7A4F7556}") = "task_2", "task_2\task_2.csproj", "{4320445B-7C4A-45B9-86C7-D9F9A578AB57}"
EndProject
Project("{9A19103F-16F7-4668-BE54-9A1E7A4F7556}") = "WinFormsApp1", "WinFormsApp1\WinFormsApp1.csproj", "{CA93D90D-64E2-4D78-8A6C-B9AB7A05772B}"
EndProject
Project("{FAE04EC0-301F-11D3-BF4B-00C04F79EFBC}") = "WpfApp1", "WpfApp1\WpfApp1.csproj", "{CF27462D-4BD8-41D0-8D65-2037BD7587D1}"
EndProject
Global
	GlobalSection(SolutionConfigurationPlatforms) = preSolution
		Debug|Any CPU = Debug|Any CPU
		Release|Any CPU = Release|Any CPU
	EndGlobalSection
	GlobalSection(ProjectConfigurationPlatforms) = postSolution
		{4320445B-7C4A-45B9-86C7-D9F9A578AB57}.Debug|Any CPU.ActiveCfg = Debug|Any CPU
		{4320445B-7C4A-45B9-86C7-D9F9A578AB57}.Debug|Any CPU.Build.0 = Debug|Any CPU
		{4320445B-7C4A-45B9-86C7-D9F9A578AB57}.Release|Any CPU.ActiveCfg = Release|Any CPU
		{4320445B-7C4A-45B9-86C7-D9F9A578AB57}.Release|Any CPU.Build.0 = Release|Any CPU
		{CA93D90D-64E2-4D78-8A6C-B9AB7A05772B}.Debug|Any CPU.ActiveCfg = Debug|Any CPU
		{CA93D90D-64E2-4D78-8A6C-B9AB7A05772B}.Debug|Any CPU.Build.0 = Debug|Any CPU
		{CA93D90D-64E2-4D78-8A6C-B9AB7A05772B}.Release|Any CPU.ActiveCfg = Release|Any CPU
		{CA93D90D-64E2-4D78-8A6C-B9AB7A05772B}.Release|Any CPU.Build.0 = Release|Any CPU
		{CF27462D-4BD8-41D0-8D65-2037BD7587D1}.Debug|Any CPU.ActiveCfg = Debug|Any CPU
		{CF27462D-4BD8-41D0-8D65-2037BD7587D1}.Debug|Any CPU.Build.0 = Debug|Any CPU
		{CF27462D-4BD8-41D0-8D65-2037BD7587D1}.Release|Any CPU.ActiveCfg = Release|Any CPU
		{CF27462D-4BD8-41D0-8D65-2037BD7587D1}.Release|Any CPU.Build.0 = Release|Any CPU
	EndGlobalSection
	GlobalSection(SolutionProperties) = preSolution
		HideSolutionNode = FALSE
	EndGlobalSection
	GlobalSection(ExtensibilityGlobals) = postSolution
		SolutionGuid = {AE5CBB90-74EE-4035-B12E-19DEA4EB79CF}
	EndGlobalSection
EndGlobal
