
Microsoft Visual Studio Solution File, Format Version 12.00
# Visual Studio Version 17
VisualStudioVersion = 17.3.32519.111
MinimumVisualStudioVersion = 10.0.40219.1
Project("{FAE04EC0-301F-11D3-BF4B-00C04F79EFBC}") = "task_1", "task_1\task_1.csproj", "{9FF1E96D-D1BB-4F22-9E16-61A594465FE0}"
EndProject
Project("{FAE04EC0-301F-11D3-BF4B-00C04F79EFBC}") = "Library", "Library\Library.csproj", "{B6538929-D69A-43F3-91E8-E7CABFAE09DC}"
EndProject
Global
	GlobalSection(SolutionConfigurationPlatforms) = preSolution
		Debug|Any CPU = Debug|Any CPU
		Release|Any CPU = Release|Any CPU
	EndGlobalSection
	GlobalSection(ProjectConfigurationPlatforms) = postSolution
		{9FF1E96D-D1BB-4F22-9E16-61A594465FE0}.Debug|Any CPU.ActiveCfg = Debug|Any CPU
		{9FF1E96D-D1BB-4F22-9E16-61A594465FE0}.Debug|Any CPU.Build.0 = Debug|Any CPU
		{9FF1E96D-D1BB-4F22-9E16-61A594465FE0}.Release|Any CPU.ActiveCfg = Release|Any CPU
		{9FF1E96D-D1BB-4F22-9E16-61A594465FE0}.Release|Any CPU.Build.0 = Release|Any CPU
		{B6538929-D69A-43F3-91E8-E7CABFAE09DC}.Debug|Any CPU.ActiveCfg = Debug|Any CPU
		{B6538929-D69A-43F3-91E8-E7CABFAE09DC}.Debug|Any CPU.Build.0 = Debug|Any CPU
		{B6538929-D69A-43F3-91E8-E7CABFAE09DC}.Release|Any CPU.ActiveCfg = Release|Any CPU
		{B6538929-D69A-43F3-91E8-E7CABFAE09DC}.Release|Any CPU.Build.0 = Release|Any CPU
	EndGlobalSection
	GlobalSection(SolutionProperties) = preSolution
		HideSolutionNode = FALSE
	EndGlobalSection
	GlobalSection(ExtensibilityGlobals) = postSolution
		SolutionGuid = {7241CC33-190F-41FE-80A9-A162892F10D4}
	EndGlobalSection
EndGlobal
