
Microsoft Visual Studio Solution File, Format Version 12.00
# Visual Studio Version 17
VisualStudioVersion = 17.3.32611.2
MinimumVisualStudioVersion = 10.0.40219.1
Project("{FAE04EC0-301F-11D3-BF4B-00C04F79EFBC}") = "task_1", "task_1\task_1.csproj", "{F4E17831-9C2B-4215-BCE2-DBA3D6B8599B}"
EndProject
Project("{FAE04EC0-301F-11D3-BF4B-00C04F79EFBC}") = "task_2", "task_2\task_2.csproj", "{CC946528-A0DE-43F0-A127-BC9E38B51A4B}"
EndProject
Global
	GlobalSection(SolutionConfigurationPlatforms) = preSolution
		Debug|Any CPU = Debug|Any CPU
		Release|Any CPU = Release|Any CPU
	EndGlobalSection
	GlobalSection(ProjectConfigurationPlatforms) = postSolution
		{F4E17831-9C2B-4215-BCE2-DBA3D6B8599B}.Debug|Any CPU.ActiveCfg = Debug|Any CPU
		{F4E17831-9C2B-4215-BCE2-DBA3D6B8599B}.Debug|Any CPU.Build.0 = Debug|Any CPU
		{F4E17831-9C2B-4215-BCE2-DBA3D6B8599B}.Release|Any CPU.ActiveCfg = Release|Any CPU
		{F4E17831-9C2B-4215-BCE2-DBA3D6B8599B}.Release|Any CPU.Build.0 = Release|Any CPU
		{CC946528-A0DE-43F0-A127-BC9E38B51A4B}.Debug|Any CPU.ActiveCfg = Debug|Any CPU
		{CC946528-A0DE-43F0-A127-BC9E38B51A4B}.Debug|Any CPU.Build.0 = Debug|Any CPU
		{CC946528-A0DE-43F0-A127-BC9E38B51A4B}.Release|Any CPU.ActiveCfg = Release|Any CPU
		{CC946528-A0DE-43F0-A127-BC9E38B51A4B}.Release|Any CPU.Build.0 = Release|Any CPU
	EndGlobalSection
	GlobalSection(SolutionProperties) = preSolution
		HideSolutionNode = FALSE
	EndGlobalSection
	GlobalSection(ExtensibilityGlobals) = postSolution
		SolutionGuid = {CC05949A-1CF7-4C28-8AAA-04E35F9BB850}
	EndGlobalSection
EndGlobal
